version: 1.0
shards:
  delimiter_tree:
    github: drujensen/delimiter_tree
    commit: ff00d3f211aa0e6850b04c12941e88522c3a59d7

  kemalyst:
    path: ../..
    version: 0.1.0

  kilt:
    github: jeromegn/kilt
    commit: 828a3cb989578e94f3e5cc91bd7134c3735ccfdf

  mocks:
    github: waterlink/mocks.cr
    version: 0.8.0

  mysql:
    github: waterlink/crystal-mysql
    commit: dbdb3aa80ffc29433ec0a3edc7384094ff6c0f4a

  pool:
    github: ysbaddaden/pool
    version: 0.2.1

