version: 1.0
shards:
  db:
    github: crystal-lang/crystal-db
    version: 0.2.0

  delimiter_tree:
    github: drujensen/delimiter_tree
    version: 0.1.0

  kemalyst-model:
    github: drujensen/kemalyst-model
    version: 0.2.4

  kemalyst-validators:
    github: drujensen/kemalyst-validators
    version: 0.1.0

  kilt:
    github: jeromegn/kilt
    version: 0.3.3

