version: 1.0
shards:
  db:
    github: crystal-lang/crystal-db
    version: 0.3.3

  delimiter_tree:
    github: drujensen/delimiter_tree
    version: 0.1.4

  kemalyst-model:
    github: drujensen/kemalyst-model
    version: 0.3.0

  kemalyst-spec:
    github: drujensen/kemalyst-spec
    version: 0.1.0

  kemalyst-validators:
    github: drujensen/kemalyst-validators
    version: 0.1.0

  kilt:
    github: jeromegn/kilt
    version: 0.3.3

  slang:
    github: jeromegn/slang
    version: 1.4.1

  smtp:
    github: raydf/smtp.cr
    commit: 3d35e84d6597ac3c86e90391c449b591ef3d6518

