version: 1.0
shards:
  db:
    github: crystal-lang/crystal-db
    version: 0.4.2

  delimiter_tree:
    github: drujensen/delimiter_tree
    version: 0.1.4

  kemalyst-model:
    github: drujensen/kemalyst-model
    version: 0.5.9

  kemalyst-spec:
    github: drujensen/kemalyst-spec
    version: 0.1.1

  kemalyst-validators:
    github: drujensen/kemalyst-validators
    version: 0.2.0

  kilt:
    github: jeromegn/kilt
    version: 0.3.3

  pool:
    github: ysbaddaden/pool
    version: 0.2.3

  redis:
    github: stefanwille/crystal-redis
    version: 1.8.0

  sidekiq:
    github: drujensen/sidekiq.cr
    commit: 94b7d5f146ff1a28dbb639b615d1cdd3ba54fea7

  slang:
    github: jeromegn/slang
    commit: f86dbdec0fb2b63054a2656113b0f66939aa6058

  smtp:
    github: raydf/smtp.cr
    commit: 1301f244fd1e251244b0a9fb7f8bc817da9c8854

