version: 1.0
shards:
  delimiter_tree:
    github: drujensen/delimiter_tree
    commit: ec2d041ad2becffcfc6691062bf35fd64e3af179

  kemalyst:
    path: ../..
    version: 0.1.0

  kilt:
    github: jeromegn/kilt
    commit: 828a3cb989578e94f3e5cc91bd7134c3735ccfdf

  pool:
    github: ysbaddaden/pool
    version: 0.2.1

